
Microsoft Visual Studio Solution File, Format Version 12.00
# Visual Studio Version 17
VisualStudioVersion = 17.14.36414.22 d17.14
MinimumVisualStudioVersion = 10.0.40219.1
Project("{54A90642-561A-4BB1-A94E-469ADEE60C69}") = "frontend.client", "frontend.client\frontend.client.esproj", "{E98A2520-75B5-148B-8BDA-8EB6354D459A}"
EndProject
Project("{FAE04EC0-301F-11D3-BF4B-00C04F79EFBC}") = "FrontEnd.Server", "FrontEnd.Server\FrontEnd.Server.csproj", "{877110F6-AFB3-4DD3-9BA7-3A3B50E093FC}"
EndProject
Global
	GlobalSection(SolutionConfigurationPlatforms) = preSolution
		Debug|Any CPU = Debug|Any CPU
		Release|Any CPU = Release|Any CPU
	EndGlobalSection
	GlobalSection(ProjectConfigurationPlatforms) = postSolution
		{E98A2520-75B5-148B-8BDA-8EB6354D459A}.Debug|Any CPU.ActiveCfg = Debug|Any CPU
		{E98A2520-75B5-148B-8BDA-8EB6354D459A}.Debug|Any CPU.Build.0 = Debug|Any CPU
		{E98A2520-75B5-148B-8BDA-8EB6354D459A}.Debug|Any CPU.Deploy.0 = Debug|Any CPU
		{E98A2520-75B5-148B-8BDA-8EB6354D459A}.Release|Any CPU.ActiveCfg = Release|Any CPU
		{E98A2520-75B5-148B-8BDA-8EB6354D459A}.Release|Any CPU.Build.0 = Release|Any CPU
		{E98A2520-75B5-148B-8BDA-8EB6354D459A}.Release|Any CPU.Deploy.0 = Release|Any CPU
		{877110F6-AFB3-4DD3-9BA7-3A3B50E093FC}.Debug|Any CPU.ActiveCfg = Debug|Any CPU
		{877110F6-AFB3-4DD3-9BA7-3A3B50E093FC}.Debug|Any CPU.Build.0 = Debug|Any CPU
		{877110F6-AFB3-4DD3-9BA7-3A3B50E093FC}.Release|Any CPU.ActiveCfg = Release|Any CPU
		{877110F6-AFB3-4DD3-9BA7-3A3B50E093FC}.Release|Any CPU.Build.0 = Release|Any CPU
	EndGlobalSection
	GlobalSection(SolutionProperties) = preSolution
		HideSolutionNode = FALSE
	EndGlobalSection
	GlobalSection(ExtensibilityGlobals) = postSolution
		SolutionGuid = {CBC27A1D-26D5-42A5-A6E3-1240F6714ED0}
	EndGlobalSection
EndGlobal
